
Microsoft Visual Studio Solution File, Format Version 12.00
# Visual Studio Version 17
VisualStudioVersion = 17.8.34330.188
MinimumVisualStudioVersion = 10.0.40219.1
Project("{FAE04EC0-301F-11D3-BF4B-00C04F79EFBC}") = "OdataBookStore", "OdataBookStore\OdataBookStore.csproj", "{22039F12-D0E5-43C7-8906-37A2DF2EC64F}"
EndProject
Project("{FAE04EC0-301F-11D3-BF4B-00C04F79EFBC}") = "OdataBookStoreWebClient", "OdataBookStoreWebClient\OdataBookStoreWebClient.csproj", "{4C142EB8-AEC7-4C6E-AC57-7003C2DFC5DD}"
EndProject
Global
	GlobalSection(SolutionConfigurationPlatforms) = preSolution
		Debug|Any CPU = Debug|Any CPU
		Release|Any CPU = Release|Any CPU
	EndGlobalSection
	GlobalSection(ProjectConfigurationPlatforms) = postSolution
		{22039F12-D0E5-43C7-8906-37A2DF2EC64F}.Debug|Any CPU.ActiveCfg = Debug|Any CPU
		{22039F12-D0E5-43C7-8906-37A2DF2EC64F}.Debug|Any CPU.Build.0 = Debug|Any CPU
		{22039F12-D0E5-43C7-8906-37A2DF2EC64F}.Release|Any CPU.ActiveCfg = Release|Any CPU
		{22039F12-D0E5-43C7-8906-37A2DF2EC64F}.Release|Any CPU.Build.0 = Release|Any CPU
		{4C142EB8-AEC7-4C6E-AC57-7003C2DFC5DD}.Debug|Any CPU.ActiveCfg = Debug|Any CPU
		{4C142EB8-AEC7-4C6E-AC57-7003C2DFC5DD}.Debug|Any CPU.Build.0 = Debug|Any CPU
		{4C142EB8-AEC7-4C6E-AC57-7003C2DFC5DD}.Release|Any CPU.ActiveCfg = Release|Any CPU
		{4C142EB8-AEC7-4C6E-AC57-7003C2DFC5DD}.Release|Any CPU.Build.0 = Release|Any CPU
	EndGlobalSection
	GlobalSection(SolutionProperties) = preSolution
		HideSolutionNode = FALSE
	EndGlobalSection
	GlobalSection(ExtensibilityGlobals) = postSolution
		SolutionGuid = {9C4B5F23-E60B-4FA8-93EB-E38478ECD46A}
	EndGlobalSection
EndGlobal
